
Microsoft Visual Studio Solution File, Format Version 12.00
# Visual Studio Version 17
VisualStudioVersion = 17.8.34525.116
MinimumVisualStudioVersion = 10.0.40219.1
Project("{9A19103F-16F7-4668-BE54-9A1E7A4F7556}") = "Auction.WebApi", "Auction.WebApi\Auction.WebApi.csproj", "{87B7FEB8-4665-4E32-9E09-133F3B8C9C81}"
EndProject
Project("{2150E333-8FDC-42A3-9474-1A3956D46DE8}") = "Solution Items", "Solution Items", "{697BCBCF-4FA9-4856-AC94-3DD19D1F56D4}"
	ProjectSection(SolutionItems) = preProject
		run_db.bat = run_db.bat
	EndProjectSection
EndProject
Global
	GlobalSection(SolutionConfigurationPlatforms) = preSolution
		Debug|Any CPU = Debug|Any CPU
		Release|Any CPU = Release|Any CPU
	EndGlobalSection
	GlobalSection(ProjectConfigurationPlatforms) = postSolution
		{87B7FEB8-4665-4E32-9E09-133F3B8C9C81}.Debug|Any CPU.ActiveCfg = Debug|Any CPU
		{87B7FEB8-4665-4E32-9E09-133F3B8C9C81}.Debug|Any CPU.Build.0 = Debug|Any CPU
		{87B7FEB8-4665-4E32-9E09-133F3B8C9C81}.Release|Any CPU.ActiveCfg = Release|Any CPU
		{87B7FEB8-4665-4E32-9E09-133F3B8C9C81}.Release|Any CPU.Build.0 = Release|Any CPU
	EndGlobalSection
	GlobalSection(SolutionProperties) = preSolution
		HideSolutionNode = FALSE
	EndGlobalSection
	GlobalSection(ExtensibilityGlobals) = postSolution
		SolutionGuid = {F0C5FC4C-7756-4B8C-BB5B-9FE1F7B76E90}
	EndGlobalSection
EndGlobal
